
Microsoft Visual Studio Solution File, Format Version 12.00
# Visual Studio Version 16
VisualStudioVersion = 16.0.30011.22
MinimumVisualStudioVersion = 10.0.40219.1
Project("{FAE04EC0-301F-11D3-BF4B-00C04F79EFBC}") = "VIAR", "VIAR\VIAR.csproj", "{33125ECD-D3CC-4E94-85CF-7117584B6E7F}"
EndProject
Global
	GlobalSection(SolutionConfigurationPlatforms) = preSolution
		Debug|Any CPU = Debug|Any CPU
		Release|Any CPU = Release|Any CPU
	EndGlobalSection
	GlobalSection(ProjectConfigurationPlatforms) = postSolution
		{33125ECD-D3CC-4E94-85CF-7117584B6E7F}.Debug|Any CPU.ActiveCfg = Debug|Any CPU
		{33125ECD-D3CC-4E94-85CF-7117584B6E7F}.Debug|Any CPU.Build.0 = Debug|Any CPU
		{33125ECD-D3CC-4E94-85CF-7117584B6E7F}.Release|Any CPU.ActiveCfg = Release|Any CPU
		{33125ECD-D3CC-4E94-85CF-7117584B6E7F}.Release|Any CPU.Build.0 = Release|Any CPU
	EndGlobalSection
	GlobalSection(SolutionProperties) = preSolution
		HideSolutionNode = FALSE
	EndGlobalSection
	GlobalSection(ExtensibilityGlobals) = postSolution
		SolutionGuid = {CABD1E16-AFFD-44C2-8AD6-E5916C32639C}
	EndGlobalSection
EndGlobal
